
Microsoft Visual Studio Solution File, Format Version 12.00
# Visual Studio 14
VisualStudioVersion = 14.0.25420.1
MinimumVisualStudioVersion = 10.0.40219.1
Project("{FAE04EC0-301F-11D3-BF4B-00C04F79EFBC}") = "Client_T10_B", "Client_T10_B\Client_T10_B.csproj", "{127E8E1E-3A03-476E-9FF9-87571BCF4DEC}"
EndProject
Global
	GlobalSection(SolutionConfigurationPlatforms) = preSolution
		Debug_Ubuntu|Any CPU = Debug_Ubuntu|Any CPU
		Debug|Any CPU = Debug|Any CPU
		Release_Ubuntu|Any CPU = Release_Ubuntu|Any CPU
		Release|Any CPU = Release|Any CPU
	EndGlobalSection
	GlobalSection(ProjectConfigurationPlatforms) = postSolution
		{127E8E1E-3A03-476E-9FF9-87571BCF4DEC}.Debug_Ubuntu|Any CPU.ActiveCfg = Debug|Any CPU
		{127E8E1E-3A03-476E-9FF9-87571BCF4DEC}.Debug_Ubuntu|Any CPU.Build.0 = Debug|Any CPU
		{127E8E1E-3A03-476E-9FF9-87571BCF4DEC}.Debug|Any CPU.ActiveCfg = Debug|Any CPU
		{127E8E1E-3A03-476E-9FF9-87571BCF4DEC}.Debug|Any CPU.Build.0 = Debug|Any CPU
		{127E8E1E-3A03-476E-9FF9-87571BCF4DEC}.Release_Ubuntu|Any CPU.ActiveCfg = Release|Any CPU
		{127E8E1E-3A03-476E-9FF9-87571BCF4DEC}.Release_Ubuntu|Any CPU.Build.0 = Release|Any CPU
		{127E8E1E-3A03-476E-9FF9-87571BCF4DEC}.Release|Any CPU.ActiveCfg = Release|Any CPU
		{127E8E1E-3A03-476E-9FF9-87571BCF4DEC}.Release|Any CPU.Build.0 = Release|Any CPU
	EndGlobalSection
	GlobalSection(SolutionProperties) = preSolution
		HideSolutionNode = FALSE
	EndGlobalSection
EndGlobal
