
Microsoft Visual Studio Solution File, Format Version 12.00
# Visual Studio 14
VisualStudioVersion = 14.0.25420.1
MinimumVisualStudioVersion = 10.0.40219.1
Project("{FAE04EC0-301F-11D3-BF4B-00C04F79EFBC}") = "Client_T10_B", "Client_T10_B\Client_T10_B.csproj", "{127E8E1E-3A03-476E-9FF9-87571BCF4DEC}"
EndProject
Project("{FAE04EC0-301F-11D3-BF4B-00C04F79EFBC}") = "Sever_T10_B", "Sever_T10_B\Sever_T10_B.csproj", "{B94514F7-8DFC-4878-BC08-99FE059D23A3}"
EndProject
Project("{FAE04EC0-301F-11D3-BF4B-00C04F79EFBC}") = "Websocket-Server", "..\..\websocket\Websocket-Server\Websocket-Server\Websocket-Server.csproj", "{DC1782B0-B591-4F15-B8D6-4FFFCCFDE455}"
EndProject
Global
	GlobalSection(SolutionConfigurationPlatforms) = preSolution
		Debug|Any CPU = Debug|Any CPU
		Release|Any CPU = Release|Any CPU
	EndGlobalSection
	GlobalSection(ProjectConfigurationPlatforms) = postSolution
		{127E8E1E-3A03-476E-9FF9-87571BCF4DEC}.Debug|Any CPU.ActiveCfg = Debug|Any CPU
		{127E8E1E-3A03-476E-9FF9-87571BCF4DEC}.Debug|Any CPU.Build.0 = Debug|Any CPU
		{127E8E1E-3A03-476E-9FF9-87571BCF4DEC}.Release|Any CPU.ActiveCfg = Release|Any CPU
		{127E8E1E-3A03-476E-9FF9-87571BCF4DEC}.Release|Any CPU.Build.0 = Release|Any CPU
		{B94514F7-8DFC-4878-BC08-99FE059D23A3}.Debug|Any CPU.ActiveCfg = Debug|Any CPU
		{B94514F7-8DFC-4878-BC08-99FE059D23A3}.Debug|Any CPU.Build.0 = Debug|Any CPU
		{B94514F7-8DFC-4878-BC08-99FE059D23A3}.Release|Any CPU.ActiveCfg = Release|Any CPU
		{B94514F7-8DFC-4878-BC08-99FE059D23A3}.Release|Any CPU.Build.0 = Release|Any CPU
		{DC1782B0-B591-4F15-B8D6-4FFFCCFDE455}.Debug|Any CPU.ActiveCfg = Debug|Any CPU
		{DC1782B0-B591-4F15-B8D6-4FFFCCFDE455}.Debug|Any CPU.Build.0 = Debug|Any CPU
		{DC1782B0-B591-4F15-B8D6-4FFFCCFDE455}.Release|Any CPU.ActiveCfg = Release|Any CPU
		{DC1782B0-B591-4F15-B8D6-4FFFCCFDE455}.Release|Any CPU.Build.0 = Release|Any CPU
	EndGlobalSection
	GlobalSection(SolutionProperties) = preSolution
		HideSolutionNode = FALSE
	EndGlobalSection
EndGlobal
